
Microsoft Visual Studio Solution File, Format Version 11.00
# Visual C# Express 2010
Project("{FAE04EC0-301F-11D3-BF4B-00C04F79EFBC}") = "HeroBarn", "HeroBarn\HeroBarn.csproj", "{DC6C2B12-5DFE-40C9-857F-6EE7FA1693FC}"
EndProject
Global
	GlobalSection(SolutionConfigurationPlatforms) = preSolution
		Debug|x86 = Debug|x86
		Release|x86 = Release|x86
	EndGlobalSection
	GlobalSection(ProjectConfigurationPlatforms) = postSolution
		{DC6C2B12-5DFE-40C9-857F-6EE7FA1693FC}.Debug|x86.ActiveCfg = Debug|x86
		{DC6C2B12-5DFE-40C9-857F-6EE7FA1693FC}.Debug|x86.Build.0 = Debug|x86
		{DC6C2B12-5DFE-40C9-857F-6EE7FA1693FC}.Release|x86.ActiveCfg = Release|x86
		{DC6C2B12-5DFE-40C9-857F-6EE7FA1693FC}.Release|x86.Build.0 = Release|x86
	EndGlobalSection
	GlobalSection(SolutionProperties) = preSolution
		HideSolutionNode = FALSE
	EndGlobalSection
EndGlobal
