
Microsoft Visual Studio Solution File, Format Version 11.00
# Visual Studio 2010
Project("{FAE04EC0-301F-11D3-BF4B-00C04F79EFBC}") = "HeroBarn", "HeroBarn\HeroBarn.csproj", "{DC6C2B12-5DFE-40C9-857F-6EE7FA1693FC}"
EndProject
Project("{FAE04EC0-301F-11D3-BF4B-00C04F79EFBC}") = "HeroBarnEngine", "HeroBarnEngine\HeroBarnEngine.csproj", "{D9C4EF44-C78B-413C-A670-1A1815F03795}"
EndProject
Global
	GlobalSection(SolutionConfigurationPlatforms) = preSolution
		Debug|Any CPU = Debug|Any CPU
		Debug|Mixed Platforms = Debug|Mixed Platforms
		Debug|x86 = Debug|x86
		Release|Any CPU = Release|Any CPU
		Release|Mixed Platforms = Release|Mixed Platforms
		Release|x86 = Release|x86
	EndGlobalSection
	GlobalSection(ProjectConfigurationPlatforms) = postSolution
		{DC6C2B12-5DFE-40C9-857F-6EE7FA1693FC}.Debug|Any CPU.ActiveCfg = Debug|x86
		{DC6C2B12-5DFE-40C9-857F-6EE7FA1693FC}.Debug|Mixed Platforms.ActiveCfg = Debug|x86
		{DC6C2B12-5DFE-40C9-857F-6EE7FA1693FC}.Debug|Mixed Platforms.Build.0 = Debug|x86
		{DC6C2B12-5DFE-40C9-857F-6EE7FA1693FC}.Debug|x86.ActiveCfg = Debug|x86
		{DC6C2B12-5DFE-40C9-857F-6EE7FA1693FC}.Debug|x86.Build.0 = Debug|x86
		{DC6C2B12-5DFE-40C9-857F-6EE7FA1693FC}.Release|Any CPU.ActiveCfg = Release|x86
		{DC6C2B12-5DFE-40C9-857F-6EE7FA1693FC}.Release|Mixed Platforms.ActiveCfg = Release|x86
		{DC6C2B12-5DFE-40C9-857F-6EE7FA1693FC}.Release|Mixed Platforms.Build.0 = Release|x86
		{DC6C2B12-5DFE-40C9-857F-6EE7FA1693FC}.Release|x86.ActiveCfg = Release|x86
		{DC6C2B12-5DFE-40C9-857F-6EE7FA1693FC}.Release|x86.Build.0 = Release|x86
		{D9C4EF44-C78B-413C-A670-1A1815F03795}.Debug|Any CPU.ActiveCfg = Debug|Any CPU
		{D9C4EF44-C78B-413C-A670-1A1815F03795}.Debug|Any CPU.Build.0 = Debug|Any CPU
		{D9C4EF44-C78B-413C-A670-1A1815F03795}.Debug|Mixed Platforms.ActiveCfg = Debug|Any CPU
		{D9C4EF44-C78B-413C-A670-1A1815F03795}.Debug|Mixed Platforms.Build.0 = Debug|Any CPU
		{D9C4EF44-C78B-413C-A670-1A1815F03795}.Debug|x86.ActiveCfg = Debug|Any CPU
		{D9C4EF44-C78B-413C-A670-1A1815F03795}.Release|Any CPU.ActiveCfg = Release|Any CPU
		{D9C4EF44-C78B-413C-A670-1A1815F03795}.Release|Any CPU.Build.0 = Release|Any CPU
		{D9C4EF44-C78B-413C-A670-1A1815F03795}.Release|Mixed Platforms.ActiveCfg = Release|Any CPU
		{D9C4EF44-C78B-413C-A670-1A1815F03795}.Release|Mixed Platforms.Build.0 = Release|Any CPU
		{D9C4EF44-C78B-413C-A670-1A1815F03795}.Release|x86.ActiveCfg = Release|Any CPU
	EndGlobalSection
	GlobalSection(SolutionProperties) = preSolution
		HideSolutionNode = FALSE
	EndGlobalSection
EndGlobal
